
Microsoft Visual Studio Solution File, Format Version 12.00
# Visual Studio 15
VisualStudioVersion = 15.0.27130.2027
MinimumVisualStudioVersion = 10.0.40219.1
Project("{FAE04EC0-301F-11D3-BF4B-00C04F79EFBC}") = "DoMyTax", "DoMyTax\DoMyTax.csproj", "{2E97B6D6-8EB5-41C8-863A-6F85D90CBD69}"
EndProject
Global
	GlobalSection(SolutionConfigurationPlatforms) = preSolution
		Debug|Any CPU = Debug|Any CPU
		Release|Any CPU = Release|Any CPU
	EndGlobalSection
	GlobalSection(ProjectConfigurationPlatforms) = postSolution
		{2E97B6D6-8EB5-41C8-863A-6F85D90CBD69}.Debug|Any CPU.ActiveCfg = Debug|Any CPU
		{2E97B6D6-8EB5-41C8-863A-6F85D90CBD69}.Debug|Any CPU.Build.0 = Debug|Any CPU
		{2E97B6D6-8EB5-41C8-863A-6F85D90CBD69}.Release|Any CPU.ActiveCfg = Release|Any CPU
		{2E97B6D6-8EB5-41C8-863A-6F85D90CBD69}.Release|Any CPU.Build.0 = Release|Any CPU
	EndGlobalSection
	GlobalSection(SolutionProperties) = preSolution
		HideSolutionNode = FALSE
	EndGlobalSection
	GlobalSection(ExtensibilityGlobals) = postSolution
		SolutionGuid = {D3569F90-FA3C-41C1-9D4E-9C7E8D27587C}
	EndGlobalSection
EndGlobal
